
Microsoft Visual Studio Solution File, Format Version 12.00
# Visual Studio Version 17
VisualStudioVersion = 17.3.32922.545
MinimumVisualStudioVersion = 10.0.40219.1
Project("{FAE04EC0-301F-11D3-BF4B-00C04F79EFBC}") = "阻止进入神庙", "阻止进入神庙.csproj", "{B775E7C3-8180-4A44-B9BC-8BB53F481F47}"
EndProject
Global
	GlobalSection(SolutionConfigurationPlatforms) = preSolution
		Debug|Any CPU = Debug|Any CPU
		Release|Any CPU = Release|Any CPU
	EndGlobalSection
	GlobalSection(ProjectConfigurationPlatforms) = postSolution
		{B775E7C3-8180-4A44-B9BC-8BB53F481F47}.Debug|Any CPU.ActiveCfg = Debug|Any CPU
		{B775E7C3-8180-4A44-B9BC-8BB53F481F47}.Debug|Any CPU.Build.0 = Debug|Any CPU
		{B775E7C3-8180-4A44-B9BC-8BB53F481F47}.Release|Any CPU.ActiveCfg = Release|Any CPU
		{B775E7C3-8180-4A44-B9BC-8BB53F481F47}.Release|Any CPU.Build.0 = Release|Any CPU
	EndGlobalSection
	GlobalSection(SolutionProperties) = preSolution
		HideSolutionNode = FALSE
	EndGlobalSection
	GlobalSection(ExtensibilityGlobals) = postSolution
		SolutionGuid = {70C7B81F-47DA-4922-94EE-B0427E7F6557}
	EndGlobalSection
EndGlobal
